
Microsoft Visual Studio Solution File, Format Version 12.00
# Visual Studio Version 17
VisualStudioVersion = 17.1.32421.90
MinimumVisualStudioVersion = 10.0.40219.1
Project("{FAE04EC0-301F-11D3-BF4B-00C04F79EFBC}") = "WinFormsPractice", "WinFormsPractice.csproj", "{3F970B3A-1C25-4E0A-B77B-521D6C56FBBD}"
EndProject
Global
	GlobalSection(SolutionConfigurationPlatforms) = preSolution
		Debug|Any CPU = Debug|Any CPU
		Release|Any CPU = Release|Any CPU
	EndGlobalSection
	GlobalSection(ProjectConfigurationPlatforms) = postSolution
		{3F970B3A-1C25-4E0A-B77B-521D6C56FBBD}.Debug|Any CPU.ActiveCfg = Debug|Any CPU
		{3F970B3A-1C25-4E0A-B77B-521D6C56FBBD}.Debug|Any CPU.Build.0 = Debug|Any CPU
		{3F970B3A-1C25-4E0A-B77B-521D6C56FBBD}.Release|Any CPU.ActiveCfg = Release|Any CPU
		{3F970B3A-1C25-4E0A-B77B-521D6C56FBBD}.Release|Any CPU.Build.0 = Release|Any CPU
	EndGlobalSection
	GlobalSection(SolutionProperties) = preSolution
		HideSolutionNode = FALSE
	EndGlobalSection
	GlobalSection(ExtensibilityGlobals) = postSolution
		SolutionGuid = {D93E0571-B426-4ECD-A98B-B58CEADBD281}
	EndGlobalSection
EndGlobal
